
Microsoft Visual Studio Solution File, Format Version 12.00
# Visual Studio 15
VisualStudioVersion = 15.0.28307.1525
MinimumVisualStudioVersion = 10.0.40219.1
Project("{FAE04EC0-301F-11D3-BF4B-00C04F79EFBC}") = "ToDoAPI.API", "ToDoAPI.API\ToDoAPI.API.csproj", "{FBE95D2A-0B73-4325-B126-0C802944161F}"
EndProject
Project("{FAE04EC0-301F-11D3-BF4B-00C04F79EFBC}") = "ToDoAPI.DATA.EF", "ToDoAPI.DATA.EF\ToDoAPI.DATA.EF.csproj", "{2EA5CE72-3B3B-4AAD-90C0-4838F1BF8127}"
EndProject
Global
	GlobalSection(SolutionConfigurationPlatforms) = preSolution
		Debug|Any CPU = Debug|Any CPU
		Release|Any CPU = Release|Any CPU
	EndGlobalSection
	GlobalSection(ProjectConfigurationPlatforms) = postSolution
		{FBE95D2A-0B73-4325-B126-0C802944161F}.Debug|Any CPU.ActiveCfg = Debug|Any CPU
		{FBE95D2A-0B73-4325-B126-0C802944161F}.Debug|Any CPU.Build.0 = Debug|Any CPU
		{FBE95D2A-0B73-4325-B126-0C802944161F}.Release|Any CPU.ActiveCfg = Release|Any CPU
		{FBE95D2A-0B73-4325-B126-0C802944161F}.Release|Any CPU.Build.0 = Release|Any CPU
		{2EA5CE72-3B3B-4AAD-90C0-4838F1BF8127}.Debug|Any CPU.ActiveCfg = Debug|Any CPU
		{2EA5CE72-3B3B-4AAD-90C0-4838F1BF8127}.Debug|Any CPU.Build.0 = Debug|Any CPU
		{2EA5CE72-3B3B-4AAD-90C0-4838F1BF8127}.Release|Any CPU.ActiveCfg = Release|Any CPU
		{2EA5CE72-3B3B-4AAD-90C0-4838F1BF8127}.Release|Any CPU.Build.0 = Release|Any CPU
	EndGlobalSection
	GlobalSection(SolutionProperties) = preSolution
		HideSolutionNode = FALSE
	EndGlobalSection
	GlobalSection(ExtensibilityGlobals) = postSolution
		SolutionGuid = {9664CA45-C2C0-4A0F-8C17-EE704CC84934}
	EndGlobalSection
EndGlobal
